PATH
  remote: .
  specs:
    ruboty-mecab (0.1.3)
      natto
      ruboty

GEM
  remote: https://rubygems.org/
  specs:
    activesupport (5.0.1)
      concurrent-ruby (~> 1.0, >= 1.0.2)
      i18n (~> 0.7)
      minitest (~> 5.1)
      tzinfo (~> 1.1)
    concurrent-ruby (1.0.4)
    dotenv (2.2.0)
    ffi (1.9.17)
    i18n (0.8.0)
    mem (0.1.5)
    minitest (5.10.1)
    natto (1.1.1)
      ffi (>= 1.9.0)
    rake (10.5.0)
    ruboty (1.3.0)
      activesupport
      bundler
      dotenv
      mem
      slop
    slop (4.4.1)
    thread_safe (0.3.5)
    tzinfo (1.2.2)
      thread_safe (~> 0.1)

PLATFORMS
  ruby

DEPENDENCIES
  bundler (~> 1.12)
  rake (~> 10.0)
  ruboty-mecab!

BUNDLED WITH
   1.13.7
